PODS:
  - AWSAuth (2.22.2):
    - AWSAuth/Core (= 2.22.2)
    - AWSAuth/FacebookSignIn (= 2.22.2)
    - AWSAuth/GoogleSignIn (= 2.22.2)
    - AWSAuth/UI (= 2.22.2)
    - AWSAuth/UserPoolsSignIn (= 2.22.2)
  - AWSAuth/Core (2.22.2):
    - AWSAuthCore (= 2.22.2)
  - AWSAuth/FacebookSignIn (2.22.2):
    - AWSFacebookSignIn (= 2.22.2)
  - AWSAuth/GoogleSignIn (2.22.2):
    - AWSGoogleSignIn (= 2.22.2)
  - AWSAuth/UI (2.22.2):
    - AWSAuthUI (= 2.22.2)
  - AWSAuth/UserPoolsSignIn (2.22.2):
    - AWSUserPoolsSignIn (= 2.22.2)
  - AWSAuthCore (2.22.2):
    - AWSCore (= 2.22.2)
  - AWSAuthUI (2.22.2):
    - AWSAuthCore (= 2.22.2)
    - AWSCore (= 2.22.2)
  - AWSCognitoIdentityProvider (2.22.2):
    - AWSCognitoIdentityProviderASF (= 2.22.2)
    - AWSCore (= 2.22.2)
  - AWSCognitoIdentityProviderASF (2.22.2)
  - AWSCore (2.22.2)
  - AWSFacebookSignIn (2.22.2):
    - AWSAuthCore (= 2.22.2)
    - AWSCore (= 2.22.2)
    - FBSDKCoreKit (= 8.0)
    - FBSDKLoginKit (= 8.0)
  - AWSGoogleSignIn (2.22.2):
    - AWSAuthCore (= 2.22.2)
    - AWSCore (= 2.22.2)
  - AWSMobileClient (2.22.2):
    - AWSAuthCore (= 2.22.2)
    - AWSCognitoIdentityProvider (= 2.22.2)
    - AWSCognitoIdentityProviderASF (= 2.22.2)
    - AWSCore (= 2.22.2)
  - AWSUserPoolsSignIn (2.22.2):
    - AWSAuthCore (= 2.22.2)
    - AWSCognitoIdentityProvider (= 2.22.2)
    - AWSCore (= 2.22.2)
  - FBSDKCoreKit (8.0.0):
    - FBSDKCoreKit/Basics (= 8.0.0)
    - FBSDKCoreKit/Core (= 8.0.0)
  - FBSDKCoreKit/Basics (8.0.0)
  - FBSDKCoreKit/Core (8.0.0):
    - FBSDKCoreKit/Basics
  - FBSDKLoginKit (8.0.0):
    - FBSDKLoginKit/Login (= 8.0.0)
  - FBSDKLoginKit/Login (8.0.0):
    - FBSDKCoreKit (~> 8.0.0)
  - Flutter (1.0.0)
  - flutter_cognito_plugin (0.0.1):
    - AWSAuth (~> 2.22.2)
    - AWSAuthUI (~> 2.22.2)
    - AWSMobileClient (~> 2.22.2)
    - AWSUserPoolsSignIn (~> 2.22.2)
    - Flutter
    - plugin_scaffold
  - plugin_scaffold (0.0.1):
    - Flutter

DEPENDENCIES:
  - Flutter (from `Flutter`)
  - flutter_cognito_plugin (from `.symlinks/plugins/flutter_cognito_plugin/ios`)
  - plugin_scaffold (from `.symlinks/plugins/plugin_scaffold/ios`)

SPEC REPOS:
  https://cdn.cocoapods.org/:
    - AWSAuth
    - AWSAuthCore
    - AWSAuthUI
    - AWSCognitoIdentityProvider
    - AWSCognitoIdentityProviderASF
    - AWSCore
    - AWSFacebookSignIn
    - AWSGoogleSignIn
    - AWSMobileClient
    - AWSUserPoolsSignIn
    - FBSDKCoreKit
    - FBSDKLoginKit

EXTERNAL SOURCES:
  Flutter:
    :path: Flutter
  flutter_cognito_plugin:
    :path: ".symlinks/plugins/flutter_cognito_plugin/ios"
  plugin_scaffold:
    :path: ".symlinks/plugins/plugin_scaffold/ios"

SPEC CHECKSUMS:
  AWSAuth: d89f31921c7e3177bc8a5f308cd39e92466fd566
  AWSAuthCore: 6ebee920932858d8f74092a67734599c7e1d04db
  AWSAuthUI: 2a10af85c78f77165a8c1e37fd7add78a54f472f
  AWSCognitoIdentityProvider: 89fd21fdfc22a33ff86520d2905eac9201a55b69
  AWSCognitoIdentityProviderASF: a5c421ef17e27c226e4d780a24ac3af675cbf57a
  AWSCore: df612cf038f1230dfae4695feb8497c512f1143a
  AWSFacebookSignIn: dc12cb06dc607bb0911133bc5cff556fb9241aaf
  AWSGoogleSignIn: 0fa5bb8b7e621ee3c035baa2c019586c48461866
  AWSMobileClient: fd1b6ee5c6129d0cf891417179c854f8df225235
  AWSUserPoolsSignIn: 6c86a463b340e50defc2de7ceb80f775c215904e
  FBSDKCoreKit: 9d27fe97a2fa2abe5eeefea8240e837623ab88e0
  FBSDKLoginKit: 2cbaf5405379731b22f2ebc224f7c30f62378171
  Flutter: 0e3d915762c693b495b44d77113d4970485de6ec
  flutter_cognito_plugin: b2ce3b19c947ea074f6742d0c525abd90a17c32f
  plugin_scaffold: f83b8103defd141436d8ee29ba4a3e1b5230fea1

PODFILE CHECKSUM: 73d69d282a87aa0aafabdecb47f632fc347a9aac

COCOAPODS: 1.10.1
